
Microsoft Visual Studio Solution File, Format Version 12.00
# Visual Studio 14
VisualStudioVersion = 14.0.25420.1
MinimumVisualStudioVersion = 10.0.40219.1
Project("{8BC9CEB8-8B4A-11D0-8D11-00A0C91BC942}") = "Engine Plugin Wizard 11.0", "OmniEngine\OmniEngine11.vcxproj", "{990F7B4D-856E-4981-82B4-C10FF4CB30FE}"
	ProjectSection(ProjectDependencies) = postProject
		{50B87EC1-C808-45CD-B93F-C96254647DDE} = {50B87EC1-C808-45CD-B93F-C96254647DDE}
	EndProjectSection
EndProject
Project("{8BC9CEB8-8B4A-11D0-8D11-00A0C91BC942}") = "WizardInstaller", "WizardInstaller\WizardInstaller.vcxproj", "{B9D0A978-4100-4DA4-88D2-4E988EB13EE4}"
	ProjectSection(ProjectDependencies) = postProject
		{93154981-9D48-4793-A148-F5400D6E4802} = {93154981-9D48-4793-A148-F5400D6E4802}
		{50B87EC1-C808-45CD-B93F-C96254647DDE} = {50B87EC1-C808-45CD-B93F-C96254647DDE}
		{990F7B4D-856E-4981-82B4-C10FF4CB30FE} = {990F7B4D-856E-4981-82B4-C10FF4CB30FE}
	EndProjectSection
EndProject
Project("{8BC9CEB8-8B4A-11D0-8D11-00A0C91BC942}") = "unit_test", "unit_test\unit_test.vcxproj", "{50B87EC1-C808-45CD-B93F-C96254647DDE}"
EndProject
Project("{8BC9CEB8-8B4A-11D0-8D11-00A0C91BC942}") = "loadso", "loadso\loadso.vcxproj", "{93154981-9D48-4793-A148-F5400D6E4802}"
EndProject
Project("{8BC9CEB8-8B4A-11D0-8D11-00A0C91BC942}") = "Documentation", "Documents\Framework.vcxproj", "{E62D5EDC-33F4-45BA-8BB4-AC64FA54D6C0}"
EndProject
Global
	GlobalSection(SolutionConfigurationPlatforms) = preSolution
		Debug|Win32 = Debug|Win32
		Release|Win32 = Release|Win32
	EndGlobalSection
	GlobalSection(ProjectConfigurationPlatforms) = postSolution
		{990F7B4D-856E-4981-82B4-C10FF4CB30FE}.Debug|Win32.ActiveCfg = Debug|Win32
		{990F7B4D-856E-4981-82B4-C10FF4CB30FE}.Release|Win32.ActiveCfg = Release|Win32
		{B9D0A978-4100-4DA4-88D2-4E988EB13EE4}.Debug|Win32.ActiveCfg = Debug|Win32
		{B9D0A978-4100-4DA4-88D2-4E988EB13EE4}.Debug|Win32.Build.0 = Debug|Win32
		{B9D0A978-4100-4DA4-88D2-4E988EB13EE4}.Release|Win32.ActiveCfg = Release|Win32
		{B9D0A978-4100-4DA4-88D2-4E988EB13EE4}.Release|Win32.Build.0 = Release|Win32
		{50B87EC1-C808-45CD-B93F-C96254647DDE}.Debug|Win32.ActiveCfg = Debug|Win32
		{50B87EC1-C808-45CD-B93F-C96254647DDE}.Debug|Win32.Build.0 = Debug|Win32
		{50B87EC1-C808-45CD-B93F-C96254647DDE}.Release|Win32.ActiveCfg = Release|Win32
		{50B87EC1-C808-45CD-B93F-C96254647DDE}.Release|Win32.Build.0 = Release|Win32
		{93154981-9D48-4793-A148-F5400D6E4802}.Debug|Win32.ActiveCfg = Debug|Win32
		{93154981-9D48-4793-A148-F5400D6E4802}.Debug|Win32.Build.0 = Debug|Win32
		{93154981-9D48-4793-A148-F5400D6E4802}.Release|Win32.ActiveCfg = Release|Win32
		{93154981-9D48-4793-A148-F5400D6E4802}.Release|Win32.Build.0 = Release|Win32
		{E62D5EDC-33F4-45BA-8BB4-AC64FA54D6C0}.Debug|Win32.ActiveCfg = Debug|Win32
		{E62D5EDC-33F4-45BA-8BB4-AC64FA54D6C0}.Debug|Win32.Build.0 = Debug|Win32
		{E62D5EDC-33F4-45BA-8BB4-AC64FA54D6C0}.Release|Win32.ActiveCfg = Release|Win32
		{E62D5EDC-33F4-45BA-8BB4-AC64FA54D6C0}.Release|Win32.Build.0 = Release|Win32
	EndGlobalSection
	GlobalSection(SolutionProperties) = preSolution
		HideSolutionNode = FALSE
	EndGlobalSection
	GlobalSection(SourceCodeControl) = preSolution
		SccNumberOfProjects = 6
		SccProjectName0 = Perforce\u0020Project
		SccLocalPath0 = .
		SccProvider0 = MSSCCI:Perforce\u0020SCM
		SccProjectUniqueName1 = OmniEngine\\OmniEngine11.vcxproj
		SccLocalPath1 = OmniEngine
		SccProjectUniqueName2 = WizardInstaller\\WizardInstaller.vcxproj
		SccLocalPath2 = WizardInstaller
		SccProjectUniqueName3 = loadso\\loadso.vcxproj
		SccLocalPath3 = loadso
		SccProjectUniqueName4 = unit_test\\unit_test.vcxproj
		SccLocalPath4 = .
		SccProjectFilePathRelativizedFromConnection4 = unit_test\\
		SccProjectUniqueName5 = Documents\\Framework.vcxproj
		SccLocalPath5 = Documents
	EndGlobalSection
EndGlobal
