Microsoft Visual Studio Solution File, Format Version 12.00
# Visual Studio 14
VisualStudioVersion = 14.0.25420.1
Project("{8BC9CEB8-8B4A-11D0-8D11-00A0C91BC942}") = "CMIFilter", "CMIFilter.vcxproj", "{9B6BD5A5-B666-45BC-907E-E4C9C68AE0AC}"
EndProject
Global
	GlobalSection(SourceCodeControl) = preSolution
		SccNumberOfProjects = 2
		SccProjectName0 = Perforce\u0020Project
		SccLocalPath0 = ..
		SccProvider0 = MSSCCI:Perforce\u0020SCM
		SccProjectFilePathRelativizedFromConnection0 = Console-2\\
		SccProjectUniqueName1 = CMIFilter.vcxproj
		SccLocalPath1 = ..
		SccProjectFilePathRelativizedFromConnection1 = Console-2\\
	EndGlobalSection
	GlobalSection(SolutionConfigurationPlatforms) = preSolution
		Debug|Win32 = Debug|Win32
		Debug|x64 = Debug|x64
		Release|Win32 = Release|Win32
		Release|x64 = Release|x64
	EndGlobalSection
	GlobalSection(ProjectConfigurationPlatforms) = postSolution
		{9B6BD5A5-B666-45BC-907E-E4C9C68AE0AC}.Debug|Win32.ActiveCfg = Debug|Win32
		{9B6BD5A5-B666-45BC-907E-E4C9C68AE0AC}.Debug|Win32.Build.0 = Debug|Win32
		{9B6BD5A5-B666-45BC-907E-E4C9C68AE0AC}.Debug|x64.ActiveCfg = Debug|x64
		{9B6BD5A5-B666-45BC-907E-E4C9C68AE0AC}.Debug|x64.Build.0 = Debug|x64
		{9B6BD5A5-B666-45BC-907E-E4C9C68AE0AC}.Release|Win32.ActiveCfg = Release|Win32
		{9B6BD5A5-B666-45BC-907E-E4C9C68AE0AC}.Release|Win32.Build.0 = Release|Win32
		{9B6BD5A5-B666-45BC-907E-E4C9C68AE0AC}.Release|x64.ActiveCfg = Release|x64
		{9B6BD5A5-B666-45BC-907E-E4C9C68AE0AC}.Release|x64.Build.0 = Release|x64
	EndGlobalSection
	GlobalSection(SolutionProperties) = preSolution
		HideSolutionNode = FALSE
	EndGlobalSection
EndGlobal
