<?xml version="1.0" encoding="utf-8"?>
<Project ToolsVersion="4.0" xmlns="http://schemas.microsoft.com/developer/msbuild/2003">
  <ItemGroup>
    <Filter Include="Resource Files">
      <UniqueIdentifier>{78420759-1780-4f9f-adfd-4ce76357cd71}</UniqueIdentifier>
      <Extensions>rc;bmp</Extensions>
    </Filter>
    <Filter Include="Helium Files">
      <UniqueIdentifier>{f14cfde2-6dd3-40b6-9798-7f7d3f40ffe8}</UniqueIdentifier>
    </Filter>
    <Filter Include="Framework Files">
      <UniqueIdentifier>{3a738bce-c789-4d51-8f44-b3ba1a0355b2}</UniqueIdentifier>
    </Filter>
    <Filter Include="Library Files">
      <UniqueIdentifier>{4cc53c54-ce56-4a73-b816-ba9d149c9aed}</UniqueIdentifier>
    </Filter>
    <Filter Include="Library Files\Win32">
      <UniqueIdentifier>{065a287f-f19a-403d-816d-6063f1cf8746}</UniqueIdentifier>
    </Filter>
    <Filter Include="Library Files\x64">
      <UniqueIdentifier>{6bdd60a9-4f1c-4a55-8bf6-e97beda9b976}</UniqueIdentifier>
    </Filter>
    <Filter Include="Plugin Files">
      <UniqueIdentifier>{831aa0a3-881c-4e84-b4f8-5ce583a1c6a1}</UniqueIdentifier>
    </Filter>
    <Filter Include="Plugin Files\Options">
      <UniqueIdentifier>{a9e90dda-9a3d-4079-9668-94afa9d7ef91}</UniqueIdentifier>
    </Filter>
  </ItemGroup>
  <ItemGroup>
    <ResourceCompile Include="Plugin\Plugin.rc">
      <Filter>Resource Files</Filter>
    </ResourceCompile>
  </ItemGroup>
  <ItemGroup>
    <None Include="AdapterUISample.he" />
    <None Include="Makefile" />
    <None Include="makezips.cmd" />
    <None Include="module.map" />
    <None Include="Plugin\Options\index.html">
      <Filter>Plugin Files\Options</Filter>
    </None>
  </ItemGroup>
  <ItemGroup>
    <ClInclude Include="Helium\encodehex.h">
      <Filter>Helium Files</Filter>
    </ClInclude>
    <ClInclude Include="Helium\hecom.h">
      <Filter>Helium Files</Filter>
    </ClInclude>
    <ClInclude Include="Helium\hecomweak.h">
      <Filter>Helium Files</Filter>
    </ClInclude>
    <ClInclude Include="Helium\hecore.h">
      <Filter>Helium Files</Filter>
    </ClInclude>
    <ClInclude Include="Helium\heid.h">
      <Filter>Helium Files</Filter>
    </ClInclude>
    <ClInclude Include="Helium\heinttypes.h">
      <Filter>Helium Files</Filter>
    </ClInclude>
    <ClInclude Include="Helium\helib.h">
      <Filter>Helium Files</Filter>
    </ClInclude>
    <ClInclude Include="Helium\hepoppack.h">
      <Filter>Helium Files</Filter>
    </ClInclude>
    <ClInclude Include="Helium\hepushpack.h">
      <Filter>Helium Files</Filter>
    </ClInclude>
    <ClInclude Include="Helium\heresult.h">
      <Filter>Helium Files</Filter>
    </ClInclude>
    <ClInclude Include="Helium\hestdint.h">
      <Filter>Helium Files</Filter>
    </ClInclude>
    <ClInclude Include="Helium\hestr.h">
      <Filter>Helium Files</Filter>
    </ClInclude>
    <ClInclude Include="Helium\heunk.h">
      <Filter>Helium Files</Filter>
    </ClInclude>
    <ClInclude Include="Helium\hevariant.h">
      <Filter>Helium Files</Filter>
    </ClInclude>
    <ClInclude Include="Helium\heweakref.h">
      <Filter>Helium Files</Filter>
    </ClInclude>
    <ClInclude Include="Helium\hlalloc.h">
      <Filter>Helium Files</Filter>
    </ClInclude>
    <ClInclude Include="Helium\hlatomic.h">
      <Filter>Helium Files</Filter>
    </ClInclude>
    <ClInclude Include="Helium\hlbase.h">
      <Filter>Helium Files</Filter>
    </ClInclude>
    <ClInclude Include="Helium\hlclstab.h">
      <Filter>Helium Files</Filter>
    </ClInclude>
    <ClInclude Include="Helium\hlcom.h">
      <Filter>Helium Files</Filter>
    </ClInclude>
    <ClInclude Include="Helium\hldef.h">
      <Filter>Helium Files</Filter>
    </ClInclude>
    <ClInclude Include="Helium\hlexcept.h">
      <Filter>Helium Files</Filter>
    </ClInclude>
    <ClInclude Include="Helium\hlid.h">
      <Filter>Helium Files</Filter>
    </ClInclude>
    <ClInclude Include="Helium\hlptr.h">
      <Filter>Helium Files</Filter>
    </ClInclude>
    <ClInclude Include="Helium\hlruntime.h">
      <Filter>Helium Files</Filter>
    </ClInclude>
    <ClInclude Include="Helium\hlstr.h">
      <Filter>Helium Files</Filter>
    </ClInclude>
    <ClInclude Include="Helium\hlstrconv.h">
      <Filter>Helium Files</Filter>
    </ClInclude>
    <ClInclude Include="Helium\hlsync.h">
      <Filter>Helium Files</Filter>
    </ClInclude>
    <ClInclude Include="Helium\hlvariant.h">
      <Filter>Helium Files</Filter>
    </ClInclude>
    <ClInclude Include="Helium\hlweakref.h">
      <Filter>Helium Files</Filter>
    </ClInclude>
    <ClInclude Include="Helium\imemorystream.h">
      <Filter>Helium Files</Filter>
    </ClInclude>
    <ClInclude Include="Helium\iomniengineplugin.h">
      <Filter>Helium Files</Filter>
    </ClInclude>
    <ClInclude Include="Helium\ixmldom.h">
      <Filter>Helium Files</Filter>
    </ClInclude>
    <ClInclude Include="Helium\objectwithsiteimpl.h">
      <Filter>Helium Files</Filter>
    </ClInclude>
    <ClInclude Include="Helium\omnicommands.h">
      <Filter>Helium Files</Filter>
    </ClInclude>
    <ClInclude Include="Helium\omnigraphs.h">
      <Filter>Helium Files</Filter>
    </ClInclude>
    <ClInclude Include="Helium\peekcore.h">
      <Filter>Helium Files</Filter>
    </ClInclude>
    <ClInclude Include="Helium\peekfilters.h">
      <Filter>Helium Files</Filter>
    </ClInclude>
    <ClInclude Include="Helium\peeknames.h">
      <Filter>Helium Files</Filter>
    </ClInclude>
    <ClInclude Include="Helium\peeknotify.h">
      <Filter>Helium Files</Filter>
    </ClInclude>
    <ClInclude Include="Helium\peekstats.h">
      <Filter>Helium Files</Filter>
    </ClInclude>
    <ClInclude Include="Helium\peekutil.h">
      <Filter>Helium Files</Filter>
    </ClInclude>
    <ClInclude Include="Helium\peekvoipcall.h">
      <Filter>Helium Files</Filter>
    </ClInclude>
    <ClInclude Include="Framework\ByteVectRef.h">
      <Filter>Framework Files</Filter>
    </ClInclude>
    <ClInclude Include="Framework\CaptureBuffer.h">
      <Filter>Framework Files</Filter>
    </ClInclude>
    <ClInclude Include="Framework\CaptureFile.h">
      <Filter>Framework Files</Filter>
    </ClInclude>
    <ClInclude Include="Framework\ContextManager.h">
      <Filter>Framework Files</Filter>
    </ClInclude>
    <ClInclude Include="Framework\Ethernet.h">
      <Filter>Framework Files</Filter>
    </ClInclude>
    <ClInclude Include="Framework\FileCaptureBuffer.h">
      <Filter>Framework Files</Filter>
    </ClInclude>
    <ClInclude Include="Framework\FileEx.h">
      <Filter>Framework Files</Filter>
    </ClInclude>
    <ClInclude Include="Framework\FilePacketArray.h">
      <Filter>Framework Files</Filter>
    </ClInclude>
    <ClInclude Include="Framework\GlobalId.h">
      <Filter>Framework Files</Filter>
    </ClInclude>
    <ClInclude Include="Framework\GPSInfo.h">
      <Filter>Framework Files</Filter>
    </ClInclude>
    <ClInclude Include="Framework\IpHeaders.h">
      <Filter>Framework Files</Filter>
    </ClInclude>
    <ClInclude Include="Framework\Layers.h">
      <Filter>Framework Files</Filter>
    </ClInclude>
    <ClInclude Include="Framework\MediaTypes.h">
      <Filter>Framework Files</Filter>
    </ClInclude>
    <ClInclude Include="Framework\MemUtil.h">
      <Filter>Framework Files</Filter>
    </ClInclude>
    <ClInclude Include="Framework\NotifyService.h">
      <Filter>Framework Files</Filter>
    </ClInclude>
    <ClInclude Include="Framework\Packet.h">
      <Filter>Framework Files</Filter>
    </ClInclude>
    <ClInclude Include="Framework\PacketArray.h">
      <Filter>Framework Files</Filter>
    </ClInclude>
    <ClInclude Include="Framework\PacketHeaders.h">
      <Filter>Framework Files</Filter>
    </ClInclude>
    <ClInclude Include="Framework\PCapCaptureFile.h">
      <Filter>Framework Files</Filter>
    </ClInclude>
    <ClInclude Include="Framework\Peek.h">
      <Filter>Framework Files</Filter>
    </ClInclude>
    <ClInclude Include="Framework\PeekArray.h">
      <Filter>Framework Files</Filter>
    </ClInclude>
    <ClInclude Include="Framework\PeekCaptureFile.h">
      <Filter>Framework Files</Filter>
    </ClInclude>
    <ClInclude Include="Framework\PeekContext.h">
      <Filter>Framework Files</Filter>
    </ClInclude>
    <ClInclude Include="Framework\PeekContextProxy.h">
      <Filter>Framework Files</Filter>
    </ClInclude>
    <ClInclude Include="Framework\PeekDataModeler.h">
      <Filter>Framework Files</Filter>
    </ClInclude>
    <ClInclude Include="Framework\PeekEngineContext.h">
      <Filter>Framework Files</Filter>
    </ClInclude>
    <ClInclude Include="Framework\PeekFile.h">
      <Filter>Framework Files</Filter>
    </ClInclude>
    <ClInclude Include="Framework\PeekHash.h">
      <Filter>Framework Files</Filter>
    </ClInclude>
    <ClInclude Include="Framework\PeekLock.h">
      <Filter>Framework Files</Filter>
    </ClInclude>
    <ClInclude Include="Framework\PeekMessage.h">
      <Filter>Framework Files</Filter>
    </ClInclude>
    <ClInclude Include="Framework\PeekPacket.h">
      <Filter>Framework Files</Filter>
    </ClInclude>
    <ClInclude Include="Framework\PeekPlugin.h">
      <Filter>Framework Files</Filter>
    </ClInclude>
    <ClInclude Include="Framework\PeekProxy.h">
      <Filter>Framework Files</Filter>
    </ClInclude>
    <ClInclude Include="Framework\PeekStream.h">
      <Filter>Framework Files</Filter>
    </ClInclude>
    <ClInclude Include="Framework\PeekStrings.h">
      <Filter>Framework Files</Filter>
    </ClInclude>
    <ClInclude Include="Framework\PeekTime.h">
      <Filter>Framework Files</Filter>
    </ClInclude>
    <ClInclude Include="Framework\PeekUnits.h">
      <Filter>Framework Files</Filter>
    </ClInclude>
    <ClInclude Include="Framework\PeekXml.h">
      <Filter>Framework Files</Filter>
    </ClInclude>
    <ClInclude Include="Framework\PluginManager.h">
      <Filter>Framework Files</Filter>
    </ClInclude>
    <ClInclude Include="Framework\Protospecs.h">
      <Filter>Framework Files</Filter>
    </ClInclude>
    <ClInclude Include="Framework\PSDefs.h">
      <Filter>Framework Files</Filter>
    </ClInclude>
    <ClInclude Include="Framework\PSIDs.h">
      <Filter>Framework Files</Filter>
    </ClInclude>
    <ClInclude Include="Framework\RefreshFile.h">
      <Filter>Framework Files</Filter>
    </ClInclude>
    <ClInclude Include="Framework\RemotePlugin.h">
      <Filter>Framework Files</Filter>
    </ClInclude>
    <ClInclude Include="Framework\Snapshot.h">
      <Filter>Framework Files</Filter>
    </ClInclude>
    <ClInclude Include="Framework\tagfile.h">
      <Filter>Framework Files</Filter>
    </ClInclude>
    <ClInclude Include="Framework\Version.h">
      <Filter>Framework Files</Filter>
    </ClInclude>
    <ClInclude Include="Framework\wppoppack.h">
      <Filter>Framework Files</Filter>
    </ClInclude>
    <ClInclude Include="Framework\wppushpack.h">
      <Filter>Framework Files</Filter>
    </ClInclude>
    <ClInclude Include="Framework\WPTypes.h">
      <Filter>Framework Files</Filter>
    </ClInclude>
    <ClInclude Include="Plugin\OmniEngineContext.h">
      <Filter>Plugin Files</Filter>
    </ClInclude>
    <ClInclude Include="Plugin\OmniPlugin.h">
      <Filter>Plugin Files</Filter>
    </ClInclude>
    <ClInclude Include="Plugin\Options.h">
      <Filter>Plugin Files</Filter>
    </ClInclude>
    <ClInclude Include="Plugin\PluginMessages.h">
      <Filter>Plugin Files</Filter>
    </ClInclude>
    <ClInclude Include="Plugin\resource.h">
      <Filter>Plugin Files</Filter>
    </ClInclude>
    <ClInclude Include="Plugin\StdAfx.h">
      <Filter>Plugin Files</Filter>
    </ClInclude>
    <ClInclude Include="Plugin\TimeConv.h">
      <Filter>Plugin Files</Filter>
    </ClInclude>
    <ClInclude Include="Plugin\XmlUtil.h">
      <Filter>Plugin Files</Filter>
    </ClInclude>
    <ClInclude Include="Framework\PluginHandlersInterface.h">
      <Filter>Framework Files</Filter>
    </ClInclude>
    <ClInclude Include="Framework\PluginController.h">
      <Filter>Framework Files</Filter>
    </ClInclude>
    <ClInclude Include="Plugin\AdapterStats.h">
      <Filter>Plugin Files</Filter>
    </ClInclude>
    <ClInclude Include="Plugin\OmniAdapter.h">
      <Filter>Plugin Files</Filter>
    </ClInclude>
    <ClInclude Include="Framework\RemoteAdapter.h">
      <Filter>Framework Files</Filter>
    </ClInclude>
    <ClInclude Include="Framework\PeekAdapter.h">
      <Filter>Framework Files</Filter>
    </ClInclude>
    <ClInclude Include="Helium\threadhelpers.h">
      <Filter>Helium Files</Filter>
    </ClInclude>
    <ClInclude Include="Framework\PeekTable.h">
      <Filter>Framework Files</Filter>
    </ClInclude>
    <ClInclude Include="Helium\idatatable.h">
      <Filter>Helium Files</Filter>
    </ClInclude>
    <ClInclude Include="Framework\PeekSocket.h">
      <Filter>Framework Files</Filter>
    </ClInclude>
    <ClInclude Include="Helium\iobjectwithproperties.h">
      <Filter>Helium Files</Filter>
    </ClInclude>
  </ItemGroup>
  <ItemGroup>
    <ClCompile Include="Framework\ByteVectRef.cpp">
      <Filter>Framework Files</Filter>
    </ClCompile>
    <ClCompile Include="Framework\CaptureFile.cpp">
      <Filter>Framework Files</Filter>
    </ClCompile>
    <ClCompile Include="Framework\ContextManager.cpp">
      <Filter>Framework Files</Filter>
    </ClCompile>
    <ClCompile Include="Framework\FileCaptureBuffer.cpp">
      <Filter>Framework Files</Filter>
    </ClCompile>
    <ClCompile Include="Framework\FileEx.cpp">
      <Filter>Framework Files</Filter>
    </ClCompile>
    <ClCompile Include="Framework\GPSInfo.cpp">
      <Filter>Framework Files</Filter>
    </ClCompile>
    <ClCompile Include="Framework\IpHeaders.cpp">
      <Filter>Framework Files</Filter>
    </ClCompile>
    <ClCompile Include="Framework\Layers.cpp">
      <Filter>Framework Files</Filter>
    </ClCompile>
    <ClCompile Include="Framework\NotifyService.cpp">
      <Filter>Framework Files</Filter>
    </ClCompile>
    <ClCompile Include="Framework\Packet.cpp">
      <Filter>Framework Files</Filter>
    </ClCompile>
    <ClCompile Include="Framework\PacketArray.cpp">
      <Filter>Framework Files</Filter>
    </ClCompile>
    <ClCompile Include="Framework\PCapCaptureFile.cpp">
      <Filter>Framework Files</Filter>
    </ClCompile>
    <ClCompile Include="Framework\PeekCaptureFile.cpp">
      <Filter>Framework Files</Filter>
    </ClCompile>
    <ClCompile Include="Framework\PeekContext.cpp">
      <Filter>Framework Files</Filter>
    </ClCompile>
    <ClCompile Include="Framework\PeekContextProxy.cpp">
      <Filter>Framework Files</Filter>
    </ClCompile>
    <ClCompile Include="Framework\PeekDataModeler.cpp">
      <Filter>Framework Files</Filter>
    </ClCompile>
    <ClCompile Include="Framework\PeekMessage.cpp">
      <Filter>Framework Files</Filter>
    </ClCompile>
    <ClCompile Include="Framework\PeekPlugin.cpp">
      <Filter>Framework Files</Filter>
    </ClCompile>
    <ClCompile Include="Framework\PeekProxy.cpp">
      <Filter>Framework Files</Filter>
    </ClCompile>
    <ClCompile Include="Framework\PeekStrings.cpp">
      <Filter>Framework Files</Filter>
    </ClCompile>
    <ClCompile Include="Framework\PeekTime.cpp">
      <Filter>Framework Files</Filter>
    </ClCompile>
    <ClCompile Include="Framework\PeekUnits.cpp">
      <Filter>Framework Files</Filter>
    </ClCompile>
    <ClCompile Include="Framework\PeekXml.cpp">
      <Filter>Framework Files</Filter>
    </ClCompile>
    <ClCompile Include="Framework\PluginManager.cpp">
      <Filter>Framework Files</Filter>
    </ClCompile>
    <ClCompile Include="Framework\PluginModule.cpp">
      <Filter>Framework Files</Filter>
    </ClCompile>
    <ClCompile Include="Framework\RefreshFile.cpp">
      <Filter>Framework Files</Filter>
    </ClCompile>
    <ClCompile Include="Framework\RemotePlugin.cpp">
      <Filter>Framework Files</Filter>
    </ClCompile>
    <ClCompile Include="Framework\Snapshot.cpp">
      <Filter>Framework Files</Filter>
    </ClCompile>
    <ClCompile Include="Framework\Version.cpp">
      <Filter>Framework Files</Filter>
    </ClCompile>
    <ClCompile Include="Plugin\OmniEngineContext.cpp">
      <Filter>Plugin Files</Filter>
    </ClCompile>
    <ClCompile Include="Plugin\OmniPlugin.cpp">
      <Filter>Plugin Files</Filter>
    </ClCompile>
    <ClCompile Include="Plugin\Options.cpp">
      <Filter>Plugin Files</Filter>
    </ClCompile>
    <ClCompile Include="Plugin\PluginMessages.cpp">
      <Filter>Plugin Files</Filter>
    </ClCompile>
    <ClCompile Include="Plugin\StdAfx.cpp">
      <Filter>Plugin Files</Filter>
    </ClCompile>
    <ClCompile Include="Plugin\XmlUtil.cpp">
      <Filter>Plugin Files</Filter>
    </ClCompile>
    <ClCompile Include="Plugin\OmniAdapter.cpp">
      <Filter>Plugin Files</Filter>
    </ClCompile>
    <ClCompile Include="Framework\RemoteAdapter.cpp">
      <Filter>Framework Files</Filter>
    </ClCompile>
    <ClCompile Include="Framework\PeekAdapter.cpp">
      <Filter>Framework Files</Filter>
    </ClCompile>
    <ClCompile Include="Framework\PeekSocket.cpp">
      <Filter>Framework Files</Filter>
    </ClCompile>
  </ItemGroup>
  <ItemGroup>
    <Library Include="lib\Win32\libheruntime.lib">
      <Filter>Library Files\Win32</Filter>
    </Library>
    <Library Include="lib\Win32\Protospecs.lib">
      <Filter>Library Files\Win32</Filter>
    </Library>
    <Library Include="lib\x64\libheruntime.lib">
      <Filter>Library Files\x64</Filter>
    </Library>
    <Library Include="lib\x64\Protospecs.lib">
      <Filter>Library Files\x64</Filter>
    </Library>
    <Library Include="lib\libheruntime.so">
      <Filter>Library Files</Filter>
    </Library>
    <Library Include="lib\peekcore.so">
      <Filter>Library Files</Filter>
    </Library>
  </ItemGroup>
</Project>